{
  "requires": true,
  "lockfileVersion": 1,
  "dependencies": {
    "@faker-js/faker": {
      "version": "6.0.0-alpha.5",
      "resolved": "https://registry.npmjs.org/@faker-js/faker/-/faker-6.0.0-alpha.5.tgz",
      "integrity": "sha512-8Is/xFxNgricqmhQR/AJ4Vi0cKzSR7FcpE0ImG9dWciuSxUkyCiK+B5/hTQP8jrVbtgTjpFC1AaTCnALJOBDmw==",
      "dev": true
    },
    "@types/google.maps": {
      "version": "3.47.4",
      "resolved": "https://registry.npmjs.org/@types/google.maps/-/google.maps-3.47.4.tgz",
      "integrity": "sha512-wgNs0Cb0SpWMBmD5WV560bQ++sdtAOqR6V6qQIA5jZFORLsxat4kVkXOOg7KDFqHwNgYpg36Vai2zXUCTmbtnQ=="
    },
    "typescript": {
      "version": "4.5.5",
      "resolved": "https://registry.npmjs.org/typescript/-/typescript-4.5.5.tgz",
      "integrity": "sha512-TCTIul70LyWe6IJWT8QSYeA54WQe8EjQFU4wY52Fasj5UKx88LNYKCgBEHcOMOrFF1rKGbD8v/xcNWVUq9SymA==",
      "dev": true
    }
  }
}
